%{
  "earmark": {:hex, :earmark, "1.0.2", "a0b0904d74ecc14da8bd2e6e0248e1a409a2bc91aade75fcf428125603de3853", [:mix], [], "hexpm", "e2d24ab54061603b8dd65bc3d361897ded61f33a4b57044564320a3ac00e8e72"},
  "ex_doc": {:hex, :ex_doc, "0.14.3", "e61cec6cf9731d7d23d254266ab06ac1decbb7651c3d1568402ec535d387b6f7", [:mix], [{:earmark, "~> 1.0", [hex: :earmark, repo: "hexpm", optional: false]}], "hexpm", "6bf36498c4c67fdbe6d4ad73a112098cbcc09b147b859219b023fc2636729bf6"},
}
